
Microsoft Visual Studio Solution File, Format Version 12.00
# Visual Studio Version 17
VisualStudioVersion = 17.14.36202.13
MinimumVisualStudioVersion = 10.0.40219.1
Project("{FAE04EC0-301F-11D3-BF4B-00C04F79EFBC}") = "ME221CrossApp", "ME221CrossApp\ME221CrossApp.csproj", "{B6C03339-A6E8-4479-84F5-5F91D71B4D92}"
EndProject
Project("{FAE04EC0-301F-11D3-BF4B-00C04F79EFBC}") = "ME221CrossApp.Services", "ME221CrossApp.Services\ME221CrossApp.Services.csproj", "{7A39FCF3-865C-4E7C-A0F7-EAB91444A5D2}"
EndProject
Project("{FAE04EC0-301F-11D3-BF4B-00C04F79EFBC}") = "ME221CrossApp.Models", "ME221CrossApp.Models\ME221CrossApp.Models.csproj", "{879920EB-9325-45E9-AF9B-9A6A99A1ACA6}"
EndProject
Project("{FAE04EC0-301F-11D3-BF4B-00C04F79EFBC}") = "ME221CrossApp.EcuSimulator", "ME221CrossApp.EcuSimulator\ME221CrossApp.EcuSimulator.csproj", "{E1A1F0BD-616E-4F8E-A2E6-49FE5A1A0760}"
EndProject
Project("{FAE04EC0-301F-11D3-BF4B-00C04F79EFBC}") = "Me221CrossApp.UI.Shared", "Me221CrossApp.UI.Shared\Me221CrossApp.UI.Shared.csproj", "{98AFE9F7-518F-4676-8066-BABAA4A34E58}"
EndProject
Project("{FAE04EC0-301F-11D3-BF4B-00C04F79EFBC}") = "Me221CrossApp.UI.Desktop", "Me221CrossApp.UI.Desktop\Me221CrossApp.UI.Desktop.csproj", "{11DFF768-6492-4260-8A39-43956FE7A05E}"
EndProject
Global
	GlobalSection(SolutionConfigurationPlatforms) = preSolution
		Debug|Any CPU = Debug|Any CPU
		Release|Any CPU = Release|Any CPU
	EndGlobalSection
	GlobalSection(ProjectConfigurationPlatforms) = postSolution
		{B6C03339-A6E8-4479-84F5-5F91D71B4D92}.Debug|Any CPU.ActiveCfg = Debug|Any CPU
		{B6C03339-A6E8-4479-84F5-5F91D71B4D92}.Debug|Any CPU.Build.0 = Debug|Any CPU
		{B6C03339-A6E8-4479-84F5-5F91D71B4D92}.Release|Any CPU.ActiveCfg = Release|Any CPU
		{B6C03339-A6E8-4479-84F5-5F91D71B4D92}.Release|Any CPU.Build.0 = Release|Any CPU
		{7A39FCF3-865C-4E7C-A0F7-EAB91444A5D2}.Debug|Any CPU.ActiveCfg = Debug|Any CPU
		{7A39FCF3-865C-4E7C-A0F7-EAB91444A5D2}.Debug|Any CPU.Build.0 = Debug|Any CPU
		{7A39FCF3-865C-4E7C-A0F7-EAB91444A5D2}.Release|Any CPU.ActiveCfg = Release|Any CPU
		{7A39FCF3-865C-4E7C-A0F7-EAB91444A5D2}.Release|Any CPU.Build.0 = Release|Any CPU
		{879920EB-9325-45E9-AF9B-9A6A99A1ACA6}.Debug|Any CPU.ActiveCfg = Debug|Any CPU
		{879920EB-9325-45E9-AF9B-9A6A99A1ACA6}.Debug|Any CPU.Build.0 = Debug|Any CPU
		{879920EB-9325-45E9-AF9B-9A6A99A1ACA6}.Release|Any CPU.ActiveCfg = Release|Any CPU
		{879920EB-9325-45E9-AF9B-9A6A99A1ACA6}.Release|Any CPU.Build.0 = Release|Any CPU
		{E1A1F0BD-616E-4F8E-A2E6-49FE5A1A0760}.Debug|Any CPU.ActiveCfg = Debug|Any CPU
		{E1A1F0BD-616E-4F8E-A2E6-49FE5A1A0760}.Debug|Any CPU.Build.0 = Debug|Any CPU
		{E1A1F0BD-616E-4F8E-A2E6-49FE5A1A0760}.Release|Any CPU.ActiveCfg = Release|Any CPU
		{E1A1F0BD-616E-4F8E-A2E6-49FE5A1A0760}.Release|Any CPU.Build.0 = Release|Any CPU
		{98AFE9F7-518F-4676-8066-BABAA4A34E58}.Debug|Any CPU.ActiveCfg = Debug|Any CPU
		{98AFE9F7-518F-4676-8066-BABAA4A34E58}.Debug|Any CPU.Build.0 = Debug|Any CPU
		{98AFE9F7-518F-4676-8066-BABAA4A34E58}.Release|Any CPU.ActiveCfg = Release|Any CPU
		{98AFE9F7-518F-4676-8066-BABAA4A34E58}.Release|Any CPU.Build.0 = Release|Any CPU
		{11DFF768-6492-4260-8A39-43956FE7A05E}.Debug|Any CPU.ActiveCfg = Debug|Any CPU
		{11DFF768-6492-4260-8A39-43956FE7A05E}.Debug|Any CPU.Build.0 = Debug|Any CPU
		{11DFF768-6492-4260-8A39-43956FE7A05E}.Release|Any CPU.ActiveCfg = Release|Any CPU
		{11DFF768-6492-4260-8A39-43956FE7A05E}.Release|Any CPU.Build.0 = Release|Any CPU
	EndGlobalSection
	GlobalSection(SolutionProperties) = preSolution
		HideSolutionNode = FALSE
	EndGlobalSection
	GlobalSection(ExtensibilityGlobals) = postSolution
		SolutionGuid = {3D67E5B9-FF20-4B8E-A104-98C816FAB556}
	EndGlobalSection
EndGlobal
